
Microsoft Visual Studio Solution File, Format Version 12.00
# Visual Studio Version 16
VisualStudioVersion = 16.0.30114.105
MinimumVisualStudioVersion = 10.0.40219.1
Project("{F2A71F9B-5D33-465A-A702-920D77279786}") = "SnakeEngine", "SnakeEngine\SnakeEngine.fsproj", "{291482FC-3F45-484F-AD42-60257CC6084E}"
EndProject
Project("{F2A71F9B-5D33-465A-A702-920D77279786}") = "SnakeyConsole", "SnakeyConsole\SnakeyConsole.fsproj", "{68BB4874-2BFE-413A-A92D-E56883055BEA}"
EndProject
Global
	GlobalSection(SolutionConfigurationPlatforms) = preSolution
		Debug|Any CPU = Debug|Any CPU
		Debug|x64 = Debug|x64
		Debug|x86 = Debug|x86
		Release|Any CPU = Release|Any CPU
		Release|x64 = Release|x64
		Release|x86 = Release|x86
	EndGlobalSection
	GlobalSection(SolutionProperties) = preSolution
		HideSolutionNode = FALSE
	EndGlobalSection
	GlobalSection(ProjectConfigurationPlatforms) = postSolution
		{291482FC-3F45-484F-AD42-60257CC6084E}.Debug|Any CPU.ActiveCfg = Debug|Any CPU
		{291482FC-3F45-484F-AD42-60257CC6084E}.Debug|Any CPU.Build.0 = Debug|Any CPU
		{291482FC-3F45-484F-AD42-60257CC6084E}.Debug|x64.ActiveCfg = Debug|Any CPU
		{291482FC-3F45-484F-AD42-60257CC6084E}.Debug|x64.Build.0 = Debug|Any CPU
		{291482FC-3F45-484F-AD42-60257CC6084E}.Debug|x86.ActiveCfg = Debug|Any CPU
		{291482FC-3F45-484F-AD42-60257CC6084E}.Debug|x86.Build.0 = Debug|Any CPU
		{291482FC-3F45-484F-AD42-60257CC6084E}.Release|Any CPU.ActiveCfg = Release|Any CPU
		{291482FC-3F45-484F-AD42-60257CC6084E}.Release|Any CPU.Build.0 = Release|Any CPU
		{291482FC-3F45-484F-AD42-60257CC6084E}.Release|x64.ActiveCfg = Release|Any CPU
		{291482FC-3F45-484F-AD42-60257CC6084E}.Release|x64.Build.0 = Release|Any CPU
		{291482FC-3F45-484F-AD42-60257CC6084E}.Release|x86.ActiveCfg = Release|Any CPU
		{291482FC-3F45-484F-AD42-60257CC6084E}.Release|x86.Build.0 = Release|Any CPU
		{68BB4874-2BFE-413A-A92D-E56883055BEA}.Debug|Any CPU.ActiveCfg = Debug|Any CPU
		{68BB4874-2BFE-413A-A92D-E56883055BEA}.Debug|Any CPU.Build.0 = Debug|Any CPU
		{68BB4874-2BFE-413A-A92D-E56883055BEA}.Debug|x64.ActiveCfg = Debug|Any CPU
		{68BB4874-2BFE-413A-A92D-E56883055BEA}.Debug|x64.Build.0 = Debug|Any CPU
		{68BB4874-2BFE-413A-A92D-E56883055BEA}.Debug|x86.ActiveCfg = Debug|Any CPU
		{68BB4874-2BFE-413A-A92D-E56883055BEA}.Debug|x86.Build.0 = Debug|Any CPU
		{68BB4874-2BFE-413A-A92D-E56883055BEA}.Release|Any CPU.ActiveCfg = Release|Any CPU
		{68BB4874-2BFE-413A-A92D-E56883055BEA}.Release|Any CPU.Build.0 = Release|Any CPU
		{68BB4874-2BFE-413A-A92D-E56883055BEA}.Release|x64.ActiveCfg = Release|Any CPU
		{68BB4874-2BFE-413A-A92D-E56883055BEA}.Release|x64.Build.0 = Release|Any CPU
		{68BB4874-2BFE-413A-A92D-E56883055BEA}.Release|x86.ActiveCfg = Release|Any CPU
		{68BB4874-2BFE-413A-A92D-E56883055BEA}.Release|x86.Build.0 = Release|Any CPU
	EndGlobalSection
EndGlobal
